
Microsoft Visual Studio Solution File, Format Version 12.00
# Visual Studio Version 17
VisualStudioVersion = 17.14.36414.22
MinimumVisualStudioVersion = 10.0.40219.1
Project("{2150E333-8FDC-42A3-9474-1A3956D46DE8}") = "FrontEnd", "FrontEnd", "{02EA681E-C7D8-13C7-8484-4AC65E1B71E8}"
EndProject
Project("{2150E333-8FDC-42A3-9474-1A3956D46DE8}") = "Gateway", "Gateway", "{61A22B69-7287-4A32-9028-BA6E6CDF6EDD}"
EndProject
Project("{2150E333-8FDC-42A3-9474-1A3956D46DE8}") = "Services", "Services", "{AF2223E6-BD22-4779-AEBC-A8524B921D94}"
EndProject
Project("{FAE04EC0-301F-11D3-BF4B-00C04F79EFBC}") = "ImgThumbnailApp.Web", "..\..\image-thumbnail-web\ImgThumbnailApp.Web\ImgThumbnailApp.Web.csproj", "{953FEE1B-C593-F4A0-A6F2-6EA753023145}"
EndProject
Project("{FAE04EC0-301F-11D3-BF4B-00C04F79EFBC}") = "ImageAPI", "..\..\image-thumbnail-api\ImageAPI\ImageAPI.csproj", "{4D48CEE8-0B6C-0DDB-560A-51DAFF52E484}"
EndProject
Project("{FAE04EC0-301F-11D3-BF4B-00C04F79EFBC}") = "AuthAPI", "..\..\image-thumbnail-auth\AuthAPI\AuthAPI.csproj", "{AE034CE8-44AE-5E59-2C5C-0B37372AEC64}"
EndProject
Project("{FAE04EC0-301F-11D3-BF4B-00C04F79EFBC}") = "ThumbnailGenerator", "..\..\image-thumbnail-thumbgen\ThumbnailGenerator\ThumbnailGenerator.csproj", "{6B3C9875-A7EA-105F-A590-DD75D6C337FC}"
EndProject
Project("{2150E333-8FDC-42A3-9474-1A3956D46DE8}") = "Common", "Common", "{881589EE-639B-0A35-DBCE-5D94E4FC90C0}"
EndProject
Project("{FAE04EC0-301F-11D3-BF4B-00C04F79EFBC}") = "SharedLib", "..\..\Dummy\SharedLib\SharedLib.csproj", "{EEA39CD9-3C25-42AE-9010-01AC2CFE5C5D}"
EndProject
Global
	GlobalSection(SolutionConfigurationPlatforms) = preSolution
		Debug|Any CPU = Debug|Any CPU
		Debug|x64 = Debug|x64
		Debug|x86 = Debug|x86
		Release|Any CPU = Release|Any CPU
		Release|x64 = Release|x64
		Release|x86 = Release|x86
	EndGlobalSection
	GlobalSection(ProjectConfigurationPlatforms) = postSolution
		{953FEE1B-C593-F4A0-A6F2-6EA753023145}.Debug|Any CPU.ActiveCfg = Debug|Any CPU
		{953FEE1B-C593-F4A0-A6F2-6EA753023145}.Debug|Any CPU.Build.0 = Debug|Any CPU
		{953FEE1B-C593-F4A0-A6F2-6EA753023145}.Debug|x64.ActiveCfg = Debug|Any CPU
		{953FEE1B-C593-F4A0-A6F2-6EA753023145}.Debug|x64.Build.0 = Debug|Any CPU
		{953FEE1B-C593-F4A0-A6F2-6EA753023145}.Debug|x86.ActiveCfg = Debug|Any CPU
		{953FEE1B-C593-F4A0-A6F2-6EA753023145}.Debug|x86.Build.0 = Debug|Any CPU
		{953FEE1B-C593-F4A0-A6F2-6EA753023145}.Release|Any CPU.ActiveCfg = Release|Any CPU
		{953FEE1B-C593-F4A0-A6F2-6EA753023145}.Release|Any CPU.Build.0 = Release|Any CPU
		{953FEE1B-C593-F4A0-A6F2-6EA753023145}.Release|x64.ActiveCfg = Release|Any CPU
		{953FEE1B-C593-F4A0-A6F2-6EA753023145}.Release|x64.Build.0 = Release|Any CPU
		{953FEE1B-C593-F4A0-A6F2-6EA753023145}.Release|x86.ActiveCfg = Release|Any CPU
		{953FEE1B-C593-F4A0-A6F2-6EA753023145}.Release|x86.Build.0 = Release|Any CPU
		{4D48CEE8-0B6C-0DDB-560A-51DAFF52E484}.Debug|Any CPU.ActiveCfg = Debug|Any CPU
		{4D48CEE8-0B6C-0DDB-560A-51DAFF52E484}.Debug|Any CPU.Build.0 = Debug|Any CPU
		{4D48CEE8-0B6C-0DDB-560A-51DAFF52E484}.Debug|x64.ActiveCfg = Debug|Any CPU
		{4D48CEE8-0B6C-0DDB-560A-51DAFF52E484}.Debug|x64.Build.0 = Debug|Any CPU
		{4D48CEE8-0B6C-0DDB-560A-51DAFF52E484}.Debug|x86.ActiveCfg = Debug|Any CPU
		{4D48CEE8-0B6C-0DDB-560A-51DAFF52E484}.Debug|x86.Build.0 = Debug|Any CPU
		{4D48CEE8-0B6C-0DDB-560A-51DAFF52E484}.Release|Any CPU.ActiveCfg = Release|Any CPU
		{4D48CEE8-0B6C-0DDB-560A-51DAFF52E484}.Release|Any CPU.Build.0 = Release|Any CPU
		{4D48CEE8-0B6C-0DDB-560A-51DAFF52E484}.Release|x64.ActiveCfg = Release|Any CPU
		{4D48CEE8-0B6C-0DDB-560A-51DAFF52E484}.Release|x64.Build.0 = Release|Any CPU
		{4D48CEE8-0B6C-0DDB-560A-51DAFF52E484}.Release|x86.ActiveCfg = Release|Any CPU
		{4D48CEE8-0B6C-0DDB-560A-51DAFF52E484}.Release|x86.Build.0 = Release|Any CPU
		{AE034CE8-44AE-5E59-2C5C-0B37372AEC64}.Debug|Any CPU.ActiveCfg = Debug|Any CPU
		{AE034CE8-44AE-5E59-2C5C-0B37372AEC64}.Debug|Any CPU.Build.0 = Debug|Any CPU
		{AE034CE8-44AE-5E59-2C5C-0B37372AEC64}.Debug|x64.ActiveCfg = Debug|Any CPU
		{AE034CE8-44AE-5E59-2C5C-0B37372AEC64}.Debug|x64.Build.0 = Debug|Any CPU
		{AE034CE8-44AE-5E59-2C5C-0B37372AEC64}.Debug|x86.ActiveCfg = Debug|Any CPU
		{AE034CE8-44AE-5E59-2C5C-0B37372AEC64}.Debug|x86.Build.0 = Debug|Any CPU
		{AE034CE8-44AE-5E59-2C5C-0B37372AEC64}.Release|Any CPU.ActiveCfg = Release|Any CPU
		{AE034CE8-44AE-5E59-2C5C-0B37372AEC64}.Release|Any CPU.Build.0 = Release|Any CPU
		{AE034CE8-44AE-5E59-2C5C-0B37372AEC64}.Release|x64.ActiveCfg = Release|Any CPU
		{AE034CE8-44AE-5E59-2C5C-0B37372AEC64}.Release|x64.Build.0 = Release|Any CPU
		{AE034CE8-44AE-5E59-2C5C-0B37372AEC64}.Release|x86.ActiveCfg = Release|Any CPU
		{AE034CE8-44AE-5E59-2C5C-0B37372AEC64}.Release|x86.Build.0 = Release|Any CPU
		{6B3C9875-A7EA-105F-A590-DD75D6C337FC}.Debug|Any CPU.ActiveCfg = Debug|Any CPU
		{6B3C9875-A7EA-105F-A590-DD75D6C337FC}.Debug|Any CPU.Build.0 = Debug|Any CPU
		{6B3C9875-A7EA-105F-A590-DD75D6C337FC}.Debug|x64.ActiveCfg = Debug|Any CPU
		{6B3C9875-A7EA-105F-A590-DD75D6C337FC}.Debug|x64.Build.0 = Debug|Any CPU
		{6B3C9875-A7EA-105F-A590-DD75D6C337FC}.Debug|x86.ActiveCfg = Debug|Any CPU
		{6B3C9875-A7EA-105F-A590-DD75D6C337FC}.Debug|x86.Build.0 = Debug|Any CPU
		{6B3C9875-A7EA-105F-A590-DD75D6C337FC}.Release|Any CPU.ActiveCfg = Release|Any CPU
		{6B3C9875-A7EA-105F-A590-DD75D6C337FC}.Release|Any CPU.Build.0 = Release|Any CPU
		{6B3C9875-A7EA-105F-A590-DD75D6C337FC}.Release|x64.ActiveCfg = Release|Any CPU
		{6B3C9875-A7EA-105F-A590-DD75D6C337FC}.Release|x64.Build.0 = Release|Any CPU
		{6B3C9875-A7EA-105F-A590-DD75D6C337FC}.Release|x86.ActiveCfg = Release|Any CPU
		{6B3C9875-A7EA-105F-A590-DD75D6C337FC}.Release|x86.Build.0 = Release|Any CPU
		{EEA39CD9-3C25-42AE-9010-01AC2CFE5C5D}.Debug|Any CPU.ActiveCfg = Debug|Any CPU
		{EEA39CD9-3C25-42AE-9010-01AC2CFE5C5D}.Debug|Any CPU.Build.0 = Debug|Any CPU
		{EEA39CD9-3C25-42AE-9010-01AC2CFE5C5D}.Debug|x64.ActiveCfg = Debug|Any CPU
		{EEA39CD9-3C25-42AE-9010-01AC2CFE5C5D}.Debug|x64.Build.0 = Debug|Any CPU
		{EEA39CD9-3C25-42AE-9010-01AC2CFE5C5D}.Debug|x86.ActiveCfg = Debug|Any CPU
		{EEA39CD9-3C25-42AE-9010-01AC2CFE5C5D}.Debug|x86.Build.0 = Debug|Any CPU
		{EEA39CD9-3C25-42AE-9010-01AC2CFE5C5D}.Release|Any CPU.ActiveCfg = Release|Any CPU
		{EEA39CD9-3C25-42AE-9010-01AC2CFE5C5D}.Release|Any CPU.Build.0 = Release|Any CPU
		{EEA39CD9-3C25-42AE-9010-01AC2CFE5C5D}.Release|x64.ActiveCfg = Release|Any CPU
		{EEA39CD9-3C25-42AE-9010-01AC2CFE5C5D}.Release|x64.Build.0 = Release|Any CPU
		{EEA39CD9-3C25-42AE-9010-01AC2CFE5C5D}.Release|x86.ActiveCfg = Release|Any CPU
		{EEA39CD9-3C25-42AE-9010-01AC2CFE5C5D}.Release|x86.Build.0 = Release|Any CPU
	EndGlobalSection
	GlobalSection(SolutionProperties) = preSolution
		HideSolutionNode = FALSE
	EndGlobalSection
	GlobalSection(NestedProjects) = preSolution
		{953FEE1B-C593-F4A0-A6F2-6EA753023145} = {02EA681E-C7D8-13C7-8484-4AC65E1B71E8}
		{4D48CEE8-0B6C-0DDB-560A-51DAFF52E484} = {AF2223E6-BD22-4779-AEBC-A8524B921D94}
		{AE034CE8-44AE-5E59-2C5C-0B37372AEC64} = {AF2223E6-BD22-4779-AEBC-A8524B921D94}
		{6B3C9875-A7EA-105F-A590-DD75D6C337FC} = {AF2223E6-BD22-4779-AEBC-A8524B921D94}
		{EEA39CD9-3C25-42AE-9010-01AC2CFE5C5D} = {881589EE-639B-0A35-DBCE-5D94E4FC90C0}
	EndGlobalSection
	GlobalSection(ExtensibilityGlobals) = postSolution
		SolutionGuid = {40B681DA-1B93-4524-A1DF-630CA04FEBB5}
	EndGlobalSection
EndGlobal
